# This file is automatically @generated by pesde.
# It is not intended for manual editing.
format = 2
name = "qwreey/tbox_remote"
version = "0.0.1"
target = "roblox"

[graph."qwreey/tbox@0.1.0 roblox"]
direct = ["tbox", { workspace = "qwreey/tbox", version = "^" }, "standard"]

[graph."qwreey/tbox@0.1.0 roblox".pkg_ref]
ref_ty = "workspace"
path = "packages/tbox"
