# This file is automatically @generated by pesde.
# It is not intended for manual editing.
format = 2
name = "qwreey/tbox_workspace"
version = "0.0.0"
target = "luau"

[workspace."qwreey/tbox"]
roblox = "packages/tbox"

[workspace."qwreey/tbox_remote"]
roblox = "packages/tbox_remote"

[workspace."qwreey/tbox_squish"]
roblox = "packages/tbox_squish"
