# This file is automatically @generated by pesde.
# It is not intended for manual editing.
format = 2
name = "qwreey/tbox_squish"
version = "0.0.1"
target = "roblox"

[graph."anexpia/squish@6.1.1 roblox"]
direct = ["squish", { name = "anexpia/squish", version = "^6.1.1", index = "default" }, "dev"]

[graph."anexpia/squish@6.1.1 roblox".pkg_ref]
ref_ty = "pesde"
index_url = "https://github.com/pesde-pkg/index"

[graph."qwreey/tbox@0.1.0 roblox"]
direct = ["tbox", { workspace = "qwreey/tbox", version = "^" }, "standard"]

[graph."qwreey/tbox@0.1.0 roblox".pkg_ref]
ref_ty = "workspace"
path = "packages/tbox"
